
Microsoft Visual Studio Solution File, Format Version 12.00
# Visual Studio 15
VisualStudioVersion = 15.0.26730.12
MinimumVisualStudioVersion = 10.0.40219.1
Project("{9A19103F-16F7-4668-BE54-9A1E7A4F7556}") = "PocketHome.Core", "PocketHome.Core\PocketHome.Core.csproj", "{8606FF0F-5F53-4AD3-9582-8B6CC0925CEC}"
EndProject
Project("{FAE04EC0-301F-11D3-BF4B-00C04F79EFBC}") = "PocketHome.Web", "PocketHome.Web\PocketHome.Web.csproj", "{6DE465E9-47D2-4050-B1D7-2AFFB1FC58CE}"
EndProject
Global
	GlobalSection(SolutionConfigurationPlatforms) = preSolution
		Debug|Any CPU = Debug|Any CPU
		Release|Any CPU = Release|Any CPU
	EndGlobalSection
	GlobalSection(ProjectConfigurationPlatforms) = postSolution
		{8606FF0F-5F53-4AD3-9582-8B6CC0925CEC}.Debug|Any CPU.ActiveCfg = Debug|Any CPU
		{8606FF0F-5F53-4AD3-9582-8B6CC0925CEC}.Debug|Any CPU.Build.0 = Debug|Any CPU
		{8606FF0F-5F53-4AD3-9582-8B6CC0925CEC}.Release|Any CPU.ActiveCfg = Release|Any CPU
		{8606FF0F-5F53-4AD3-9582-8B6CC0925CEC}.Release|Any CPU.Build.0 = Release|Any CPU
		{6DE465E9-47D2-4050-B1D7-2AFFB1FC58CE}.Debug|Any CPU.ActiveCfg = Debug|Any CPU
		{6DE465E9-47D2-4050-B1D7-2AFFB1FC58CE}.Debug|Any CPU.Build.0 = Debug|Any CPU
		{6DE465E9-47D2-4050-B1D7-2AFFB1FC58CE}.Release|Any CPU.ActiveCfg = Release|Any CPU
		{6DE465E9-47D2-4050-B1D7-2AFFB1FC58CE}.Release|Any CPU.Build.0 = Release|Any CPU
	EndGlobalSection
	GlobalSection(SolutionProperties) = preSolution
		HideSolutionNode = FALSE
	EndGlobalSection
	GlobalSection(ExtensibilityGlobals) = postSolution
		SolutionGuid = {45E6AE93-E77F-4BCA-97B8-4EF335FF0B9C}
	EndGlobalSection
EndGlobal
